version = 1
revision = 2
requires-python = "==3.13.*"

[[package]]
name = "apsw"
version = "3.53.4.0"
source = { registry = "https://pypi.org/simple" }
sdist = { url = "https://files.pythonhosted.org/packages/3b/a3/404d93429ad78385158b277ddd4929137eb279b047d892c24b8d75237119/apsw-3.53.4.0.tar.gz", hash = "sha256:4250fab667cc41c55170028ab095a9d4a4ae66363f4bc0720771c20519702625", size = 1247765, upload-time = "2026-07-26T17:02:32.28Z" }
wheels = [
    { url = "https://files.pythonhosted.org/packages/8d/e4/a169c63cc6448598999acee33c112c2015e41b5a27374d16feed43e74ed1/apsw-3.53.4.0-cp313-cp313-macosx_10_13_x86_64.whl", hash = "sha256:fbb3cfe03751db6a2f29e938017e11851c93fddca1ac4f78287faceba4d24059", size = 3273128, upload-time = "2026-07-26T17:01:09.422Z" },
    { url = "https://files.pythonhosted.org/packages/c7/25/20e73a120820f81df1c7d31f39d0bbfe7b4a147250fa53875f25d4a554b4/apsw-3.53.4.0-cp313-cp313-macosx_11_0_arm64.whl", hash = "sha256:6ec42090ec4150ad35b9e70d6bc7ee15554c268ac495cfbf0761c6a3d46edc6f", size = 3068202, upload-time = "2026-07-26T17:01:11.443Z" },
    { url = "https://files.pythonhosted.org/packages/58/27/c791001d0380d9ed6fbb34e6975546fc0dbd6520aa88b25eba2c22033120/apsw-3.53.4.0-cp313-cp313-manylinux_2_28_aarch64.whl", hash = "sha256:0b5ccae16a9efdeca6fdbbe91330e73530782b4d98ee1c20054ae0b72efdabf3", size = 3484996, upload-time = "2026-07-26T17:01:13.41Z" },
    { url = "https://files.pythonhosted.org/packages/ff/5f/5576c0b37dc21ac9ac98003b71fa846095df8b63120ea2699a78666cc923/apsw-3.53.4.0-cp313-cp313-manylinux_2_28_armv7l.manylinux_2_31_armv7l.whl", hash = "sha256:4855c9115f87548fe608553262e07def3b51633b9995e3301cd3254f9cba394b", size = 3273626, upload-time = "2026-07-26T17:01:15.324Z" },
    { url = "https://files.pythonhosted.org/packages/22/cc/9e9a5f58a567011da14f6422ca95dd039e16e1f898d3f87878ee28d90e52/apsw-3.53.4.0-cp313-cp313-manylinux_2_28_i686.whl", hash = "sha256:950f12259890c3fed24219a5219bcf1d98dedcbf258eb43bda218b919466d143", size = 3878816, upload-time = "2026-07-26T17:01:17.817Z" },
    { url = "https://files.pythonhosted.org/packages/34/bd/96c6c932c8c13a1440c3a166bc53a24c967aef68af9ef687a08d9232fc41/apsw-3.53.4.0-cp313-cp313-manylinux_2_28_x86_64.whl", hash = "sha256:c6c262ce950cbd831b52fffd0e39e5ca4bd6dc60ce048d0d6e44dae7204634a9", size = 3647879, upload-time = "2026-07-26T17:01:20.134Z" },
    { url = "https://files.pythonhosted.org/packages/63/28/43bf60a2e28f762a62a59e3e32feee9aa1a6ae89c0309bb9fcf1640edf5f/apsw-3.53.4.0-cp313-cp313-musllinux_1_2_aarch64.whl", hash = "sha256:c800584d288c8430fa242e9f5fccfd904c129e11821da6ca6f2180f98c30ceb9", size = 3491830, upload-time = "2026-07-26T17:01:22.023Z" },
    { url = "https://files.pythonhosted.org/packages/dc/46/c59d988953314fc032f6ba4450370a84f049fc3381cbfc98fd55aa01845c/apsw-3.53.4.0-cp313-cp313-musllinux_1_2_armv7l.whl", hash = "sha256:943ab632e41663f4187f383497d280a6ca91114861f1b4fc37dbf8c84c392d4f", size = 3283430, upload-time = "2026-07-26T17:01:23.938Z" },
    { url = "https://files.pythonhosted.org/packages/ab/f8/9aed8933e27bca04a85ffe61dcbdab93cf81c9e123146aac4db30e941804/apsw-3.53.4.0-cp313-cp313-musllinux_1_2_i686.whl", hash = "sha256:9d46f4f9d45911f413fb21745c34a645984683442372dc45ae80c3c43c08808b", size = 3897090, upload-time = "2026-07-26T17:01:25.934Z" },
    { url = "https://files.pythonhosted.org/packages/0e/33/c0764bf546497decddb6799ec7eee4f4881746c1a9f671dddb8f763b955a/apsw-3.53.4.0-cp313-cp313-musllinux_1_2_x86_64.whl", hash = "sha256:bdebb5495c6cf734c4355c99c976d85a58dfeb08083e5b8be263ed7faef799de", size = 3651496, upload-time = "2026-07-26T17:01:28.03Z" },
    { url = "https://files.pythonhosted.org/packages/c6/15/2487f5f87c8a9907d27788226d81d9309089b27b71d0d20fffe61d5b11ab/apsw-3.53.4.0-cp313-cp313-pyemscripten_2025_0_wasm32.whl", hash = "sha256:36d6605ae4d3447385fa0e81d66f854dd88b18c853d85b22d0016e611a0c99bc", size = 1290543, upload-time = "2026-07-26T17:01:29.827Z" },
    { url = "https://files.pythonhosted.org/packages/e9/00/960c37c94b2ccd0bb076cc29d9e0d65cf11bc322abf5f32c437540cbd623/apsw-3.53.4.0-cp313-cp313-win32.whl", hash = "sha256:558be4a9ee48a9479732b011ea1fc068144ceb718223fa83ec20ba6ee930ccab", size = 2868522, upload-time = "2026-07-26T17:01:31.642Z" },
    { url = "https://files.pythonhosted.org/packages/36/d6/c2cccba0fc9569778edc2afd639a5f6a58966289968ae3496281f3a54d3a/apsw-3.53.4.0-cp313-cp313-win_amd64.whl", hash = "sha256:ac1b011f3301c6fbe51c4ccc43ceaab74266adedaf00e7d96acbaa38f3377835", size = 3258302, upload-time = "2026-07-26T17:01:33.419Z" },
    { url = "https://files.pythonhosted.org/packages/a0/1c/fd4176c52fa00077d3c05d299e9525041f6b43f0f65481cdc0298e432756/apsw-3.53.4.0-cp313-cp313-win_arm64.whl", hash = "sha256:a078375b48bfe1f6c49a8dfc9697c73c9bff0e1de30542099691f8f209896fba", size = 2870159, upload-time = "2026-07-26T17:01:35.415Z" },
]

[[package]]
name = "av"
version = "18.1.0"
source = { registry = "https://pypi.org/simple" }
sdist = { url = "https://files.pythonhosted.org/packages/8d/f4/f22114d30d3435e38c6af2b4870f37b864403dca6ae7af747a289ce0a18e/av-18.1.0.tar.gz", hash = "sha256:47bfc286e1bc9de7ab4681fc2b575cd2460a66919d31ffe1bd5aa54fae531a28", size = 4451061, upload-time = "2026-08-12T22:28:18.761Z" }
wheels = [
    { url = "https://files.pythonhosted.org/packages/05/d4/d7cdc8bff143c17a6d35924375ae28dd692cacde38700a7d419fde54f44a/av-18.1.0-cp311-abi3-macosx_11_0_x86_64.whl", hash = "sha256:ae75d8bb6467895ed1f8572ededf7ffa49eac07f6e483222f5d7d62a41d12f04", size = 22546147, upload-time = "2026-08-12T22:27:11.851Z" },
    { url = "https://files.pythonhosted.org/packages/3f/c9/37a619297492256b77d5ed906e7d8166c10a26ed251dccf1ae03ab19bff6/av-18.1.0-cp311-abi3-macosx_14_0_arm64.whl", hash = "sha256:b30a4e8d934558e19602b68998a4d9ac9f250fa0dacef216f7e8e40153b13316", size = 18217603, upload-time = "2026-08-12T22:27:14.713Z" },
    { url = "https://files.pythonhosted.org/packages/d9/84/2464ffb64c08c5ce8b522c8e74594714414e3b0575267652c5c51c0574b9/av-18.1.0-cp311-abi3-manylinux_2_28_aarch64.whl", hash = "sha256:6fc837cc51adf80331ac850779cd53b5d4c4460b0ebe9057a02a921c6736f19d", size = 33640142, upload-time = "2026-08-12T22:27:17.835Z" },
    { url = "https://files.pythonhosted.org/packages/27/3a/204dbfc3e08eb4cdc6e6ff57be02150bc44523ebdb50182d10025792ebd9/av-18.1.0-cp311-abi3-manylinux_2_28_x86_64.whl", hash = "sha256:8a032e8d8ebc73dec079364b9b4a6837638a2d106e8472314e685ffbf163e700", size = 35786210, upload-time = "2026-08-12T22:27:20.984Z" },
    { url = "https://files.pythonhosted.org/packages/e1/99/b0d04ec553ff9a7e00455458dfa3a39c8a8f627b273056b4e5fe57d590de/av-18.1.0-cp311-abi3-manylinux_2_31_armv7l.whl", hash = "sha256:3c8b1f8b46f99d52e2d8b0ed5d0cdadf172d24794d46e2077b16e44ed08e26ff", size = 39379798, upload-time = "2026-08-12T22:27:24.432Z" },
    { url = "https://files.pythonhosted.org/packages/56/b1/e00d4feae59160149df6126585e726fdc6300798fd40c5dd324879e81f68/av-18.1.0-cp311-abi3-musllinux_1_2_aarch64.whl", hash = "sha256:ab5ac081bc9eaf54109120d4e56284674fecfbe520d9aa1707c7fa911ec5f4d2", size = 34690321, upload-time = "2026-08-12T22:27:27.769Z" },
    { url = "https://files.pythonhosted.org/packages/dc/94/836fa987e3084d11a21489f11357fb24843ef3aa8faf74ddddfc603d5062/av-18.1.0-cp311-abi3-musllinux_1_2_x86_64.whl", hash = "sha256:191224788d87af06c31784a395bb73f14b72f33d7f4871ace0157de2abdc6276", size = 36859932, upload-time = "2026-08-12T22:27:31.403Z" },
    { url = "https://files.pythonhosted.org/packages/33/b4/76ba21e46704f632004276b85289a1582e95f5eff760436d6149875a1881/av-18.1.0-cp311-abi3-win_amd64.whl", hash = "sha256:ea1480b7a8d5405cb5f382b344731bf125fd2c1c6fae3964f6c48595628387ff", size = 27595679, upload-time = "2026-08-12T22:27:35.177Z" },
    { url = "https://files.pythonhosted.org/packages/4f/ad/a3135884c5753b09773176b97201ae602f67ad14206c395ff838d66bf9b0/av-18.1.0-cp311-abi3-win_arm64.whl", hash = "sha256:5509ec12aaa19fd6601de13cfa6f4cdad450da07982118510592875d970454d6", size = 20257584, upload-time = "2026-08-12T22:27:38.472Z" },
]

[[package]]
name = "lz4"
version = "4.4.5"
source = { registry = "https://pypi.org/simple" }
sdist = { url = "https://files.pythonhosted.org/packages/57/51/f1b86d93029f418033dddf9b9f79c8d2641e7454080478ee2aab5123173e/lz4-4.4.5.tar.gz", hash = "sha256:5f0b9e53c1e82e88c10d7c180069363980136b9d7a8306c4dca4f760d60c39f0", size = 172886, upload-time = "2025-11-03T13:02:36.061Z" }
wheels = [
    { url = "https://files.pythonhosted.org/packages/2f/46/08fd8ef19b782f301d56a9ccfd7dafec5fd4fc1a9f017cf22a1accb585d7/lz4-4.4.5-cp313-cp313-macosx_10_13_x86_64.whl", hash = "sha256:6bb05416444fafea170b07181bc70640975ecc2a8c92b3b658c554119519716c", size = 207171, upload-time = "2025-11-03T13:01:56.595Z" },
    { url = "https://files.pythonhosted.org/packages/8f/3f/ea3334e59de30871d773963997ecdba96c4584c5f8007fd83cfc8f1ee935/lz4-4.4.5-cp313-cp313-macosx_11_0_arm64.whl", hash = "sha256:b424df1076e40d4e884cfcc4c77d815368b7fb9ebcd7e634f937725cd9a8a72a", size = 207163, upload-time = "2025-11-03T13:01:57.721Z" },
    { url = "https://files.pythonhosted.org/packages/41/7b/7b3a2a0feb998969f4793c650bb16eff5b06e80d1f7bff867feb332f2af2/lz4-4.4.5-cp313-cp313-manylinux1_i686.manylinux_2_28_i686.manylinux_2_5_i686.whl", hash = "sha256:216ca0c6c90719731c64f41cfbd6f27a736d7e50a10b70fad2a9c9b262ec923d", size = 1292136, upload-time = "2025-11-03T13:02:00.375Z" },
    { url = "https://files.pythonhosted.org/packages/89/d1/f1d259352227bb1c185288dd694121ea303e43404aa77560b879c90e7073/lz4-4.4.5-cp313-cp313-manylinux2014_aarch64.manylinux_2_17_aarch64.manylinux_2_28_aarch64.whl", hash = "sha256:533298d208b58b651662dd972f52d807d48915176e5b032fb4f8c3b6f5fe535c", size = 1279639, upload-time = "2025-11-03T13:02:01.649Z" },
    { url = "https://files.pythonhosted.org/packages/d2/fb/ba9256c48266a09012ed1d9b0253b9aa4fe9cdff094f8febf5b26a4aa2a2/lz4-4.4.5-cp313-cp313-manylinux2014_x86_64.manylinux_2_17_x86_64.manylinux_2_28_x86_64.whl", hash = "sha256:451039b609b9a88a934800b5fc6ee401c89ad9c175abf2f4d9f8b2e4ef1afc64", size = 1368257, upload-time = "2025-11-03T13:02:03.35Z" },
    { url = "https://files.pythonhosted.org/packages/a5/6d/dee32a9430c8b0e01bbb4537573cabd00555827f1a0a42d4e24ca803935c/lz4-4.4.5-cp313-cp313-win32.whl", hash = "sha256:a5f197ffa6fc0e93207b0af71b302e0a2f6f29982e5de0fbda61606dd3a55832", size = 88191, upload-time = "2025-11-03T13:02:04.406Z" },
    { url = "https://files.pythonhosted.org/packages/18/e0/f06028aea741bbecb2a7e9648f4643235279a770c7ffaf70bd4860c73661/lz4-4.4.5-cp313-cp313-win_amd64.whl", hash = "sha256:da68497f78953017deb20edff0dba95641cc86e7423dfadf7c0264e1ac60dc22", size = 99502, upload-time = "2025-11-03T13:02:05.886Z" },
    { url = "https://files.pythonhosted.org/packages/61/72/5bef44afb303e56078676b9f2486f13173a3c1e7f17eaac1793538174817/lz4-4.4.5-cp313-cp313-win_arm64.whl", hash = "sha256:c1cfa663468a189dab510ab231aad030970593f997746d7a324d40104db0d0a9", size = 91285, upload-time = "2025-11-03T13:02:06.77Z" },
    { url = "https://files.pythonhosted.org/packages/49/55/6a5c2952971af73f15ed4ebfdd69774b454bd0dc905b289082ca8664fba1/lz4-4.4.5-cp313-cp313t-macosx_10_13_x86_64.whl", hash = "sha256:67531da3b62f49c939e09d56492baf397175ff39926d0bd5bd2d191ac2bff95f", size = 207348, upload-time = "2025-11-03T13:02:08.117Z" },
    { url = "https://files.pythonhosted.org/packages/4e/d7/fd62cbdbdccc35341e83aabdb3f6d5c19be2687d0a4eaf6457ddf53bba64/lz4-4.4.5-cp313-cp313t-macosx_11_0_arm64.whl", hash = "sha256:a1acbbba9edbcbb982bc2cac5e7108f0f553aebac1040fbec67a011a45afa1ba", size = 207340, upload-time = "2025-11-03T13:02:09.152Z" },
    { url = "https://files.pythonhosted.org/packages/77/69/225ffadaacb4b0e0eb5fd263541edd938f16cd21fe1eae3cd6d5b6a259dc/lz4-4.4.5-cp313-cp313t-manylinux1_i686.manylinux_2_28_i686.manylinux_2_5_i686.whl", hash = "sha256:a482eecc0b7829c89b498fda883dbd50e98153a116de612ee7c111c8bcf82d1d", size = 1293398, upload-time = "2025-11-03T13:02:10.272Z" },
    { url = "https://files.pythonhosted.org/packages/c6/9e/2ce59ba4a21ea5dc43460cba6f34584e187328019abc0e66698f2b66c881/lz4-4.4.5-cp313-cp313t-manylinux2014_aarch64.manylinux_2_17_aarch64.manylinux_2_28_aarch64.whl", hash = "sha256:e099ddfaa88f59dd8d36c8a3c66bd982b4984edf127eb18e30bb49bdba68ce67", size = 1281209, upload-time = "2025-11-03T13:02:12.091Z" },
    { url = "https://files.pythonhosted.org/packages/80/4f/4d946bd1624ec229b386a3bc8e7a85fa9a963d67d0a62043f0af0978d3da/lz4-4.4.5-cp313-cp313t-manylinux2014_x86_64.manylinux_2_17_x86_64.manylinux_2_28_x86_64.whl", hash = "sha256:a2af2897333b421360fdcce895c6f6281dc3fab018d19d341cf64d043fc8d90d", size = 1369406, upload-time = "2025-11-03T13:02:13.683Z" },
    { url = "https://files.pythonhosted.org/packages/02/a2/d429ba4720a9064722698b4b754fb93e42e625f1318b8fe834086c7c783b/lz4-4.4.5-cp313-cp313t-win32.whl", hash = "sha256:66c5de72bf4988e1b284ebdd6524c4bead2c507a2d7f172201572bac6f593901", size = 88325, upload-time = "2025-11-03T13:02:14.743Z" },
    { url = "https://files.pythonhosted.org/packages/4b/85/7ba10c9b97c06af6c8f7032ec942ff127558863df52d866019ce9d2425cf/lz4-4.4.5-cp313-cp313t-win_amd64.whl", hash = "sha256:cdd4bdcbaf35056086d910d219106f6a04e1ab0daa40ec0eeef1626c27d0fddb", size = 99643, upload-time = "2025-11-03T13:02:15.978Z" },
    { url = "https://files.pythonhosted.org/packages/77/4d/a175459fb29f909e13e57c8f475181ad8085d8d7869bd8ad99033e3ee5fa/lz4-4.4.5-cp313-cp313t-win_arm64.whl", hash = "sha256:28ccaeb7c5222454cd5f60fcd152564205bcb801bd80e125949d2dfbadc76bbd", size = 91504, upload-time = "2025-11-03T13:02:17.313Z" },
]

[[package]]
name = "numpy"
version = "2.5.3"
source = { registry = "https://pypi.org/simple" }
sdist = { url = "https://files.pythonhosted.org/packages/13/01/11703282db468b85f6f7b8c7f22d058de5970d5c7e60a3a8aaa313c3de36/numpy-2.5.3.tar.gz", hash = "sha256:df2d5874ff183595a4ba404edd04f6bd9b5505c1d7708573f6a6c17489a67563", size = 20791231, upload-time = "2026-09-06T16:27:47.073Z" }
wheels = [
    { url = "https://files.pythonhosted.org/packages/79/e5/8fb89cd46d14e35699d13bf943a5f5f441ecee8667120a1f6105ab89e349/numpy-2.5.3-cp313-cp313-macosx_10_13_x86_64.whl", hash = "sha256:66a78fe4556c60aceda5916f9eacd638b18e9e681016ec302dcb4682d6d4d034", size = 16991061, upload-time = "2026-09-06T16:25:00.411Z" },
    { url = "https://files.pythonhosted.org/packages/2f/06/9dc9e48b5e5e941c8b10350c5ff2d721da42a20517d911d15544246775ff/numpy-2.5.3-cp313-cp313-macosx_11_0_arm64.whl", hash = "sha256:92f30e89b8ee0ecf363033576c422b2f58fed6a80bed0aa48dff6d14c654663e", size = 12003676, upload-time = "2026-09-06T16:25:03.475Z" },
    { url = "https://files.pythonhosted.org/packages/ab/2a/98282aa5b8f58b1157d440bb6282eed47e3632a5de53a714fbab17e659fe/numpy-2.5.3-cp313-cp313-macosx_14_0_arm64.whl", hash = "sha256:f9a2353b37a1a9e78fd82b27ad7e2a32a2d036604d18f02b05e3136c62ca3b09", size = 5439695, upload-time = "2026-09-06T16:25:05.978Z" },
    { url = "https://files.pythonhosted.org/packages/a1/f9/b6533d777be9d6ffd29dc1be0867e563e6e8cc9a220ff1b716adc317f060/numpy-2.5.3-cp313-cp313-macosx_14_0_x86_64.whl", hash = "sha256:ccbc4665079665c3cf3bab4db9f6b095370cd6437d66be549b6c2a1fd19e1958", size = 6779395, upload-time = "2026-09-06T16:25:08.599Z" },
    { url = "https://files.pythonhosted.org/packages/73/85/735720d04ec197c5dcfacdfc9922667c7f1f5f496a279b7ba4d7c74c4cc7/numpy-2.5.3-cp313-cp313-manylinux_2_27_aarch64.manylinux_2_28_aarch64.whl", hash = "sha256:c76d5dde9f445058f83d0c02af00557a4db91de9a9a57c0df87d1535001d654b", size = 15681750, upload-time = "2026-09-06T16:25:11.173Z" },
    { url = "https://files.pythonhosted.org/packages/3a/1b/3b16a9bc514a440a7a0883684111dcb1ef1aee960af2ca95da8fc775f124/numpy-2.5.3-cp313-cp313-manylinux_2_27_x86_64.manylinux_2_28_x86_64.whl", hash = "sha256:a5fa86b80fd24bcd1aff83ad23be44ea323de3f787be8f8b15d4a65621e25321", size = 16708577, upload-time = "2026-09-06T16:25:14.171Z" },
    { url = "https://files.pythonhosted.org/packages/69/c4/386f397831b07328b639c96c5b62719346cf4baf07c68d927239752b1534/numpy-2.5.3-cp313-cp313-musllinux_1_2_aarch64.whl", hash = "sha256:bd4cb9ad3c7889b9b3fe0a9a9fb5d2ed26f9879bff2608d9f01aed147a20d231", size = 17042047, upload-time = "2026-09-06T16:25:17.582Z" },
    { url = "https://files.pythonhosted.org/packages/5f/3e/a700ecbf36e85ae8328fd3b0e12eeddc22ed6358a64cb2bd913e0d195d65/numpy-2.5.3-cp313-cp313-musllinux_1_2_x86_64.whl", hash = "sha256:1302b90c0e52281681b2975adfe8a860cb7b12216a27b4b0b4207c44bf7bccf0", size = 18465724, upload-time = "2026-09-06T16:25:20.949Z" },
    { url = "https://files.pythonhosted.org/packages/41/ee/38e785e88a4045f6ad1d1f2808dcdfafdca48c760260c0587bf171e29fc9/numpy-2.5.3-cp313-cp313-win32.whl", hash = "sha256:1c80eabb4035ecf4ca9cd49cde8a9fdd69a729e63e6474887d1523ade7aa277f", size = 6129003, upload-time = "2026-09-06T16:25:23.664Z" },
    { url = "https://files.pythonhosted.org/packages/f3/ec/100f2b1794ede74a9b3d7ec6b9736927f56713414c1dfe19ab6c383494bf/numpy-2.5.3-cp313-cp313-win_amd64.whl", hash = "sha256:71cad2b2a7451ab79d8f5e71b453485b6775963d5cf794179144a7463fe6e8ec", size = 12560965, upload-time = "2026-09-06T16:25:26.602Z" },
    { url = "https://files.pythonhosted.org/packages/80/b1/7dc825ca94c12acebbce4c37caa5e198695eb31424bc579679f32b1bb49d/numpy-2.5.3-cp313-cp313-win_arm64.whl", hash = "sha256:8e4dd766076855b5ff7ea52fa5f07ce26286726e0f8bff446b7739d02e6ea204", size = 10482343, upload-time = "2026-09-06T16:25:29.772Z" },
]

[[package]]
name = "pillow"
version = "11.3.0"
source = { registry = "https://pypi.org/simple" }
sdist = { url = "https://files.pythonhosted.org/packages/f3/0d/d0d6dea55cd152ce3d6767bb38a8fc10e33796ba4ba210cbab9354b6d238/pillow-11.3.0.tar.gz", hash = "sha256:3828ee7586cd0b2091b6209e5ad53e20d0649bbe87164a459d0676e035e8f523", size = 47113069, upload-time = "2025-07-01T09:16:30.666Z" }
wheels = [
    { url = "https://files.pythonhosted.org/packages/1e/93/0952f2ed8db3a5a4c7a11f91965d6184ebc8cd7cbb7941a260d5f018cd2d/pillow-11.3.0-cp313-cp313-ios_13_0_arm64_iphoneos.whl", hash = "sha256:1c627742b539bba4309df89171356fcb3cc5a9178355b2727d1b74a6cf155fbd", size = 2128328, upload-time = "2025-07-01T09:14:35.276Z" },
    { url = "https://files.pythonhosted.org/packages/4b/e8/100c3d114b1a0bf4042f27e0f87d2f25e857e838034e98ca98fe7b8c0a9c/pillow-11.3.0-cp313-cp313-ios_13_0_arm64_iphonesimulator.whl", hash = "sha256:30b7c02f3899d10f13d7a48163c8969e4e653f8b43416d23d13d1bbfdc93b9f8", size = 2170652, upload-time = "2025-07-01T09:14:37.203Z" },
    { url = "https://files.pythonhosted.org/packages/aa/86/3f758a28a6e381758545f7cdb4942e1cb79abd271bea932998fc0db93cb6/pillow-11.3.0-cp313-cp313-ios_13_0_x86_64_iphonesimulator.whl", hash = "sha256:7859a4cc7c9295f5838015d8cc0a9c215b77e43d07a25e460f35cf516df8626f", size = 2227443, upload-time = "2025-07-01T09:14:39.344Z" },
    { url = "https://files.pythonhosted.org/packages/01/f4/91d5b3ffa718df2f53b0dc109877993e511f4fd055d7e9508682e8aba092/pillow-11.3.0-cp313-cp313-macosx_10_13_x86_64.whl", hash = "sha256:ec1ee50470b0d050984394423d96325b744d55c701a439d2bd66089bff963d3c", size = 5278474, upload-time = "2025-07-01T09:14:41.843Z" },
    { url = "https://files.pythonhosted.org/packages/f9/0e/37d7d3eca6c879fbd9dba21268427dffda1ab00d4eb05b32923d4fbe3b12/pillow-11.3.0-cp313-cp313-macosx_11_0_arm64.whl", hash = "sha256:7db51d222548ccfd274e4572fdbf3e810a5e66b00608862f947b163e613b67dd", size = 4686038, upload-time = "2025-07-01T09:14:44.008Z" },
    { url = "https://files.pythonhosted.org/packages/ff/b0/3426e5c7f6565e752d81221af9d3676fdbb4f352317ceafd42899aaf5d8a/pillow-11.3.0-cp313-cp313-manylinux2014_aarch64.manylinux_2_17_aarch64.whl", hash = "sha256:2d6fcc902a24ac74495df63faad1884282239265c6839a0a6416d33faedfae7e", size = 5864407, upload-time = "2025-07-03T13:10:15.628Z" },
    { url = "https://files.pythonhosted.org/packages/fc/c1/c6c423134229f2a221ee53f838d4be9d82bab86f7e2f8e75e47b6bf6cd77/pillow-11.3.0-cp313-cp313-manylinux2014_x86_64.manylinux_2_17_x86_64.whl", hash = "sha256:f0f5d8f4a08090c6d6d578351a2b91acf519a54986c055af27e7a93feae6d3f1", size = 7639094, upload-time = "2025-07-03T13:10:21.857Z" },
    { url = "https://files.pythonhosted.org/packages/ba/c9/09e6746630fe6372c67c648ff9deae52a2bc20897d51fa293571977ceb5d/pillow-11.3.0-cp313-cp313-manylinux_2_27_aarch64.manylinux_2_28_aarch64.whl", hash = "sha256:c37d8ba9411d6003bba9e518db0db0c58a680ab9fe5179f040b0463644bc9805", size = 5973503, upload-time = "2025-07-01T09:14:45.698Z" },
    { url = "https://files.pythonhosted.org/packages/d5/1c/a2a29649c0b1983d3ef57ee87a66487fdeb45132df66ab30dd37f7dbe162/pillow-11.3.0-cp313-cp313-manylinux_2_27_x86_64.manylinux_2_28_x86_64.whl", hash = "sha256:13f87d581e71d9189ab21fe0efb5a23e9f28552d5be6979e84001d3b8505abe8", size = 6642574, upload-time = "2025-07-01T09:14:47.415Z" },
    { url = "https://files.pythonhosted.org/packages/36/de/d5cc31cc4b055b6c6fd990e3e7f0f8aaf36229a2698501bcb0cdf67c7146/pillow-11.3.0-cp313-cp313-musllinux_1_2_aarch64.whl", hash = "sha256:023f6d2d11784a465f09fd09a34b150ea4672e85fb3d05931d89f373ab14abb2", size = 6084060, upload-time = "2025-07-01T09:14:49.636Z" },
    { url = "https://files.pythonhosted.org/packages/d5/ea/502d938cbaeec836ac28a9b730193716f0114c41325db428e6b280513f09/pillow-11.3.0-cp313-cp313-musllinux_1_2_x86_64.whl", hash = "sha256:45dfc51ac5975b938e9809451c51734124e73b04d0f0ac621649821a63852e7b", size = 6721407, upload-time = "2025-07-01T09:14:51.962Z" },
    { url = "https://files.pythonhosted.org/packages/45/9c/9c5e2a73f125f6cbc59cc7087c8f2d649a7ae453f83bd0362ff7c9e2aee2/pillow-11.3.0-cp313-cp313-win32.whl", hash = "sha256:a4d336baed65d50d37b88ca5b60c0fa9d81e3a87d4a7930d3880d1624d5b31f3", size = 6273841, upload-time = "2025-07-01T09:14:54.142Z" },
    { url = "https://files.pythonhosted.org/packages/23/85/397c73524e0cd212067e0c969aa245b01d50183439550d24d9f55781b776/pillow-11.3.0-cp313-cp313-win_amd64.whl", hash = "sha256:0bce5c4fd0921f99d2e858dc4d4d64193407e1b99478bc5cacecba2311abde51", size = 6978450, upload-time = "2025-07-01T09:14:56.436Z" },
    { url = "https://files.pythonhosted.org/packages/17/d2/622f4547f69cd173955194b78e4d19ca4935a1b0f03a302d655c9f6aae65/pillow-11.3.0-cp313-cp313-win_arm64.whl", hash = "sha256:1904e1264881f682f02b7f8167935cce37bc97db457f8e7849dc3a6a52b99580", size = 2423055, upload-time = "2025-07-01T09:14:58.072Z" },
    { url = "https://files.pythonhosted.org/packages/dd/80/a8a2ac21dda2e82480852978416cfacd439a4b490a501a288ecf4fe2532d/pillow-11.3.0-cp313-cp313t-macosx_10_13_x86_64.whl", hash = "sha256:4c834a3921375c48ee6b9624061076bc0a32a60b5532b322cc0ea64e639dd50e", size = 5281110, upload-time = "2025-07-01T09:14:59.79Z" },
    { url = "https://files.pythonhosted.org/packages/44/d6/b79754ca790f315918732e18f82a8146d33bcd7f4494380457ea89eb883d/pillow-11.3.0-cp313-cp313t-macosx_11_0_arm64.whl", hash = "sha256:5e05688ccef30ea69b9317a9ead994b93975104a677a36a8ed8106be9260aa6d", size = 4689547, upload-time = "2025-07-01T09:15:01.648Z" },
    { url = "https://files.pythonhosted.org/packages/49/20/716b8717d331150cb00f7fdd78169c01e8e0c219732a78b0e59b6bdb2fd6/pillow-11.3.0-cp313-cp313t-manylinux2014_aarch64.manylinux_2_17_aarch64.whl", hash = "sha256:1019b04af07fc0163e2810167918cb5add8d74674b6267616021ab558dc98ced", size = 5901554, upload-time = "2025-07-03T13:10:27.018Z" },
    { url = "https://files.pythonhosted.org/packages/74/cf/a9f3a2514a65bb071075063a96f0a5cf949c2f2fce683c15ccc83b1c1cab/pillow-11.3.0-cp313-cp313t-manylinux2014_x86_64.manylinux_2_17_x86_64.whl", hash = "sha256:f944255db153ebb2b19c51fe85dd99ef0ce494123f21b9db4877ffdfc5590c7c", size = 7669132, upload-time = "2025-07-03T13:10:33.01Z" },
    { url = "https://files.pythonhosted.org/packages/98/3c/da78805cbdbee9cb43efe8261dd7cc0b4b93f2ac79b676c03159e9db2187/pillow-11.3.0-cp313-cp313t-manylinux_2_27_aarch64.manylinux_2_28_aarch64.whl", hash = "sha256:1f85acb69adf2aaee8b7da124efebbdb959a104db34d3a2cb0f3793dbae422a8", size = 6005001, upload-time = "2025-07-01T09:15:03.365Z" },
    { url = "https://files.pythonhosted.org/packages/6c/fa/ce044b91faecf30e635321351bba32bab5a7e034c60187fe9698191aef4f/pillow-11.3.0-cp313-cp313t-manylinux_2_27_x86_64.manylinux_2_28_x86_64.whl", hash = "sha256:05f6ecbeff5005399bb48d198f098a9b4b6bdf27b8487c7f38ca16eeb070cd59", size = 6668814, upload-time = "2025-07-01T09:15:05.655Z" },
    { url = "https://files.pythonhosted.org/packages/7b/51/90f9291406d09bf93686434f9183aba27b831c10c87746ff49f127ee80cb/pillow-11.3.0-cp313-cp313t-musllinux_1_2_aarch64.whl", hash = "sha256:a7bc6e6fd0395bc052f16b1a8670859964dbd7003bd0af2ff08342eb6e442cfe", size = 6113124, upload-time = "2025-07-01T09:15:07.358Z" },
    { url = "https://files.pythonhosted.org/packages/cd/5a/6fec59b1dfb619234f7636d4157d11fb4e196caeee220232a8d2ec48488d/pillow-11.3.0-cp313-cp313t-musllinux_1_2_x86_64.whl", hash = "sha256:83e1b0161c9d148125083a35c1c5a89db5b7054834fd4387499e06552035236c", size = 6747186, upload-time = "2025-07-01T09:15:09.317Z" },
    { url = "https://files.pythonhosted.org/packages/49/6b/00187a044f98255225f172de653941e61da37104a9ea60e4f6887717e2b5/pillow-11.3.0-cp313-cp313t-win32.whl", hash = "sha256:2a3117c06b8fb646639dce83694f2f9eac405472713fcb1ae887469c0d4f6788", size = 6277546, upload-time = "2025-07-01T09:15:11.311Z" },
    { url = "https://files.pythonhosted.org/packages/e8/5c/6caaba7e261c0d75bab23be79f1d06b5ad2a2ae49f028ccec801b0e853d6/pillow-11.3.0-cp313-cp313t-win_amd64.whl", hash = "sha256:857844335c95bea93fb39e0fa2726b4d9d758850b34075a7e3ff4f4fa3aa3b31", size = 6985102, upload-time = "2025-07-01T09:15:13.164Z" },
    { url = "https://files.pythonhosted.org/packages/f3/7e/b623008460c09a0cb38263c93b828c666493caee2eb34ff67f778b87e58c/pillow-11.3.0-cp313-cp313t-win_arm64.whl", hash = "sha256:8797edc41f3e8536ae4b10897ee2f637235c94f27404cac7297f7b607dd0716e", size = 2424803, upload-time = "2025-07-01T09:15:15.695Z" },
]

[[package]]
name = "rosbags"
version = "0.11.5"
source = { registry = "https://pypi.org/simple" }
dependencies = [
    { name = "apsw" },
    { name = "lz4" },
    { name = "numpy" },
    { name = "ruamel-yaml" },
    { name = "typing-extensions" },
    { name = "zstandard" },
]
sdist = { url = "https://files.pythonhosted.org/packages/ab/3d/b618779b1eb36f0f50b2634e59bc9cc4d5c87a3c1e32bcda2f8f33684275/rosbags-0.11.5.tar.gz", hash = "sha256:f6fc16e52af1f383209010557c92933d4ac30a1b376c97e215b71244b26304d8", size = 281583, upload-time = "2026-08-19T10:08:05.161Z" }
wheels = [
    { url = "https://files.pythonhosted.org/packages/1a/8e/b4f03a302c071a9f764cc79e450dbab6a97c0034eb662990836e1e0d16fa/rosbags-0.11.5-py3-none-any.whl", hash = "sha256:e81bc1bbdadeb1a03cd43f9d67dfb2e17ac9fd5245c8ee5119da72ce8a7ab29b", size = 144862, upload-time = "2026-08-19T10:08:03.395Z" },
]

[[package]]
name = "ruamel-yaml"
version = "0.19.1"
source = { registry = "https://pypi.org/simple" }
sdist = { url = "https://files.pythonhosted.org/packages/c7/3b/ebda527b56beb90cb7652cb1c7e4f91f48649fbcd8d2eb2fb6e77cd3329b/ruamel_yaml-0.19.1.tar.gz", hash = "sha256:53eb66cd27849eff968ebf8f0bf61f46cdac2da1d1f3576dd4ccee9b25c31993", size = 142709, upload-time = "2026-01-02T16:50:31.84Z" }
wheels = [
    { url = "https://files.pythonhosted.org/packages/b8/0c/51f6841f1d84f404f92463fc2b1ba0da357ca1e3db6b7fbda26956c3b82a/ruamel_yaml-0.19.1-py3-none-any.whl", hash = "sha256:27592957fedf6e0b62f281e96effd28043345e0e66001f97683aa9a40c667c93", size = 118102, upload-time = "2026-01-02T16:50:29.201Z" },
]

[[package]]
name = "scand-retrieval-benchmark"
version = "0.1.0"
source = { virtual = "." }
dependencies = [
    { name = "av" },
    { name = "pillow" },
    { name = "rosbags" },
]

[package.metadata]
requires-dist = [
    { name = "av", specifier = "==18.1.0" },
    { name = "pillow", specifier = "==11.3.0" },
    { name = "rosbags", specifier = "==0.11.5" },
]

[[package]]
name = "typing-extensions"
version = "4.16.0"
source = { registry = "https://pypi.org/simple" }
sdist = { url = "https://files.pythonhosted.org/packages/f6/cc/6253133b5bb138fc3306cebfbda2c520f545d36b5be2c7255cc528bb45d6/typing_extensions-4.16.0.tar.gz", hash = "sha256:dc983d19a509c94dba722ee6abd33940f7c05a89e243c47e907eb4db6f1a43e5", size = 113555, upload-time = "2026-07-02T08:40:05.92Z" }
wheels = [
    { url = "https://files.pythonhosted.org/packages/49/d3/b8441a820a491ddfc024b0b0cf0393375b75ea13866d9c66727e54c2fc80/typing_extensions-4.16.0-py3-none-any.whl", hash = "sha256:481caa481374e813c1b176ada14e97f1f67a4539ce9cfeb3f350d78d6370c2e8", size = 45571, upload-time = "2026-07-02T08:40:04.659Z" },
]

[[package]]
name = "zstandard"
version = "0.25.0"
source = { registry = "https://pypi.org/simple" }
sdist = { url = "https://files.pythonhosted.org/packages/fd/aa/3e0508d5a5dd96529cdc5a97011299056e14c6505b678fd58938792794b1/zstandard-0.25.0.tar.gz", hash = "sha256:7713e1179d162cf5c7906da876ec2ccb9c3a9dcbdffef0cc7f70c3667a205f0b", size = 711513, upload-time = "2025-09-14T22:15:54.002Z" }
wheels = [
    { url = "https://files.pythonhosted.org/packages/35/0b/8df9c4ad06af91d39e94fa96cc010a24ac4ef1378d3efab9223cc8593d40/zstandard-0.25.0-cp313-cp313-macosx_10_13_x86_64.whl", hash = "sha256:ec996f12524f88e151c339688c3897194821d7f03081ab35d31d1e12ec975e94", size = 795735, upload-time = "2025-09-14T22:17:26.042Z" },
    { url = "https://files.pythonhosted.org/packages/3f/06/9ae96a3e5dcfd119377ba33d4c42a7d89da1efabd5cb3e366b156c45ff4d/zstandard-0.25.0-cp313-cp313-macosx_11_0_arm64.whl", hash = "sha256:a1a4ae2dec3993a32247995bdfe367fc3266da832d82f8438c8570f989753de1", size = 640440, upload-time = "2025-09-14T22:17:27.366Z" },
    { url = "https://files.pythonhosted.org/packages/d9/14/933d27204c2bd404229c69f445862454dcc101cd69ef8c6068f15aaec12c/zstandard-0.25.0-cp313-cp313-manylinux2010_i686.manylinux2014_i686.manylinux_2_12_i686.manylinux_2_17_i686.whl", hash = "sha256:e96594a5537722fdfb79951672a2a63aec5ebfb823e7560586f7484819f2a08f", size = 5343070, upload-time = "2025-09-14T22:17:28.896Z" },
    { url = "https://files.pythonhosted.org/packages/6d/db/ddb11011826ed7db9d0e485d13df79b58586bfdec56e5c84a928a9a78c1c/zstandard-0.25.0-cp313-cp313-manylinux2014_aarch64.manylinux_2_17_aarch64.whl", hash = "sha256:bfc4e20784722098822e3eee42b8e576b379ed72cca4a7cb856ae733e62192ea", size = 5063001, upload-time = "2025-09-14T22:17:31.044Z" },
    { url = "https://files.pythonhosted.org/packages/db/00/87466ea3f99599d02a5238498b87bf84a6348290c19571051839ca943777/zstandard-0.25.0-cp313-cp313-manylinux2014_ppc64le.manylinux_2_17_ppc64le.whl", hash = "sha256:457ed498fc58cdc12fc48f7950e02740d4f7ae9493dd4ab2168a47c93c31298e", size = 5394120, upload-time = "2025-09-14T22:17:32.711Z" },
    { url = "https://files.pythonhosted.org/packages/2b/95/fc5531d9c618a679a20ff6c29e2b3ef1d1f4ad66c5e161ae6ff847d102a9/zstandard-0.25.0-cp313-cp313-manylinux2014_s390x.manylinux_2_17_s390x.whl", hash = "sha256:fd7a5004eb1980d3cefe26b2685bcb0b17989901a70a1040d1ac86f1d898c551", size = 5451230, upload-time = "2025-09-14T22:17:34.41Z" },
    { url = "https://files.pythonhosted.org/packages/63/4b/e3678b4e776db00f9f7b2fe58e547e8928ef32727d7a1ff01dea010f3f13/zstandard-0.25.0-cp313-cp313-manylinux2014_x86_64.manylinux_2_17_x86_64.whl", hash = "sha256:8e735494da3db08694d26480f1493ad2cf86e99bdd53e8e9771b2752a5c0246a", size = 5547173, upload-time = "2025-09-14T22:17:36.084Z" },
    { url = "https://files.pythonhosted.org/packages/4e/d5/ba05ed95c6b8ec30bd468dfeab20589f2cf709b5c940483e31d991f2ca58/zstandard-0.25.0-cp313-cp313-musllinux_1_1_aarch64.whl", hash = "sha256:3a39c94ad7866160a4a46d772e43311a743c316942037671beb264e395bdd611", size = 5046736, upload-time = "2025-09-14T22:17:37.891Z" },
    { url = "https://files.pythonhosted.org/packages/50/d5/870aa06b3a76c73eced65c044b92286a3c4e00554005ff51962deef28e28/zstandard-0.25.0-cp313-cp313-musllinux_1_1_x86_64.whl", hash = "sha256:172de1f06947577d3a3005416977cce6168f2261284c02080e7ad0185faeced3", size = 5576368, upload-time = "2025-09-14T22:17:40.206Z" },
    { url = "https://files.pythonhosted.org/packages/5d/35/398dc2ffc89d304d59bc12f0fdd931b4ce455bddf7038a0a67733a25f550/zstandard-0.25.0-cp313-cp313-musllinux_1_2_aarch64.whl", hash = "sha256:3c83b0188c852a47cd13ef3bf9209fb0a77fa5374958b8c53aaa699398c6bd7b", size = 4954022, upload-time = "2025-09-14T22:17:41.879Z" },
    { url = "https://files.pythonhosted.org/packages/9a/5c/36ba1e5507d56d2213202ec2b05e8541734af5f2ce378c5d1ceaf4d88dc4/zstandard-0.25.0-cp313-cp313-musllinux_1_2_i686.whl", hash = "sha256:1673b7199bbe763365b81a4f3252b8e80f44c9e323fc42940dc8843bfeaf9851", size = 5267889, upload-time = "2025-09-14T22:17:43.577Z" },
    { url = "https://files.pythonhosted.org/packages/70/e8/2ec6b6fb7358b2ec0113ae202647ca7c0e9d15b61c005ae5225ad0995df5/zstandard-0.25.0-cp313-cp313-musllinux_1_2_ppc64le.whl", hash = "sha256:0be7622c37c183406f3dbf0cba104118eb16a4ea7359eeb5752f0794882fc250", size = 5433952, upload-time = "2025-09-14T22:17:45.271Z" },
    { url = "https://files.pythonhosted.org/packages/7b/01/b5f4d4dbc59ef193e870495c6f1275f5b2928e01ff5a81fecb22a06e22fb/zstandard-0.25.0-cp313-cp313-musllinux_1_2_s390x.whl", hash = "sha256:5f5e4c2a23ca271c218ac025bd7d635597048b366d6f31f420aaeb715239fc98", size = 5814054, upload-time = "2025-09-14T22:17:47.08Z" },
    { url = "https://files.pythonhosted.org/packages/b2/e5/fbd822d5c6f427cf158316d012c5a12f233473c2f9c5fe5ab1ae5d21f3d8/zstandard-0.25.0-cp313-cp313-musllinux_1_2_x86_64.whl", hash = "sha256:4f187a0bb61b35119d1926aee039524d1f93aaf38a9916b8c4b78ac8514a0aaf", size = 5360113, upload-time = "2025-09-14T22:17:48.893Z" },
    { url = "https://files.pythonhosted.org/packages/8e/e0/69a553d2047f9a2c7347caa225bb3a63b6d7704ad74610cb7823baa08ed7/zstandard-0.25.0-cp313-cp313-win32.whl", hash = "sha256:7030defa83eef3e51ff26f0b7bfb229f0204b66fe18e04359ce3474ac33cbc09", size = 436936, upload-time = "2025-09-14T22:17:52.658Z" },
    { url = "https://files.pythonhosted.org/packages/d9/82/b9c06c870f3bd8767c201f1edbdf9e8dc34be5b0fbc5682c4f80fe948475/zstandard-0.25.0-cp313-cp313-win_amd64.whl", hash = "sha256:1f830a0dac88719af0ae43b8b2d6aef487d437036468ef3c2ea59c51f9d55fd5", size = 506232, upload-time = "2025-09-14T22:17:50.402Z" },
    { url = "https://files.pythonhosted.org/packages/d4/57/60c3c01243bb81d381c9916e2a6d9e149ab8627c0c7d7abb2d73384b3c0c/zstandard-0.25.0-cp313-cp313-win_arm64.whl", hash = "sha256:85304a43f4d513f5464ceb938aa02c1e78c2943b29f44a750b48b25ac999a049", size = 462671, upload-time = "2025-09-14T22:17:51.533Z" },
]
